
Microsoft Visual Studio Solution File, Format Version 12.00
# Visual Studio 14
VisualStudioVersion = 14.0.23107.0
MinimumVisualStudioVersion = 10.0.40219.1
Project("{FAE04EC0-301F-11D3-BF4B-00C04F79EFBC}") = "Client", "Client\Client.csproj", "{1E8E4778-35F3-445D-9B80-617B420F7193}"
EndProject
Project("{FAE04EC0-301F-11D3-BF4B-00C04F79EFBC}") = "Server", "Server\Server.csproj", "{40FB9D5C-0039-47B2-957E-B7C390CC5CB1}"
EndProject
Project("{FAE04EC0-301F-11D3-BF4B-00C04F79EFBC}") = "Ceshi", "Ceshi\Ceshi.csproj", "{1546FD90-486C-46F4-9D6D-16D5B1E46171}"
	ProjectSection(ProjectDependencies) = postProject
		{40FB9D5C-0039-47B2-957E-B7C390CC5CB1} = {40FB9D5C-0039-47B2-957E-B7C390CC5CB1}
	EndProjectSection
EndProject
Global
	GlobalSection(SolutionConfigurationPlatforms) = preSolution
		Debug|Any CPU = Debug|Any CPU
		Release|Any CPU = Release|Any CPU
	EndGlobalSection
	GlobalSection(ProjectConfigurationPlatforms) = postSolution
		{1E8E4778-35F3-445D-9B80-617B420F7193}.Debug|Any CPU.ActiveCfg = Debug|Any CPU
		{1E8E4778-35F3-445D-9B80-617B420F7193}.Debug|Any CPU.Build.0 = Debug|Any CPU
		{1E8E4778-35F3-445D-9B80-617B420F7193}.Release|Any CPU.ActiveCfg = Release|Any CPU
		{1E8E4778-35F3-445D-9B80-617B420F7193}.Release|Any CPU.Build.0 = Release|Any CPU
		{40FB9D5C-0039-47B2-957E-B7C390CC5CB1}.Debug|Any CPU.ActiveCfg = Debug|Any CPU
		{40FB9D5C-0039-47B2-957E-B7C390CC5CB1}.Debug|Any CPU.Build.0 = Debug|Any CPU
		{40FB9D5C-0039-47B2-957E-B7C390CC5CB1}.Release|Any CPU.ActiveCfg = Release|Any CPU
		{40FB9D5C-0039-47B2-957E-B7C390CC5CB1}.Release|Any CPU.Build.0 = Release|Any CPU
		{1546FD90-486C-46F4-9D6D-16D5B1E46171}.Debug|Any CPU.ActiveCfg = Debug|Any CPU
		{1546FD90-486C-46F4-9D6D-16D5B1E46171}.Debug|Any CPU.Build.0 = Debug|Any CPU
		{1546FD90-486C-46F4-9D6D-16D5B1E46171}.Release|Any CPU.ActiveCfg = Release|Any CPU
		{1546FD90-486C-46F4-9D6D-16D5B1E46171}.Release|Any CPU.Build.0 = Release|Any CPU
	EndGlobalSection
	GlobalSection(SolutionProperties) = preSolution
		HideSolutionNode = FALSE
	EndGlobalSection
EndGlobal
